
Microsoft Visual Studio Solution File, Format Version 12.00
# Visual Studio Version 16
VisualStudioVersion = 16.0.30225.117
MinimumVisualStudioVersion = 10.0.40219.1
Project("{FAE04EC0-301F-11D3-BF4B-00C04F79EFBC}") = "ConsoleApp1", "ConsoleApp1\ConsoleApp1.csproj", "{558F36FD-9B29-42DF-88F1-5548A8D6DC46}"
EndProject
Global
	GlobalSection(SolutionConfigurationPlatforms) = preSolution
		Debug|Any CPU = Debug|Any CPU
		Release|Any CPU = Release|Any CPU
	EndGlobalSection
	GlobalSection(ProjectConfigurationPlatforms) = postSolution
		{558F36FD-9B29-42DF-88F1-5548A8D6DC46}.Debug|Any CPU.ActiveCfg = Debug|Any CPU
		{558F36FD-9B29-42DF-88F1-5548A8D6DC46}.Debug|Any CPU.Build.0 = Debug|Any CPU
		{558F36FD-9B29-42DF-88F1-5548A8D6DC46}.Release|Any CPU.ActiveCfg = Release|Any CPU
		{558F36FD-9B29-42DF-88F1-5548A8D6DC46}.Release|Any CPU.Build.0 = Release|Any CPU
	EndGlobalSection
	GlobalSection(SolutionProperties) = preSolution
		HideSolutionNode = FALSE
	EndGlobalSection
	GlobalSection(ExtensibilityGlobals) = postSolution
		SolutionGuid = {EF7F3FEC-4F7E-4DC6-BCA5-46E2BE10FCA9}
	EndGlobalSection
EndGlobal
